// !$*UTF8*$!
{
	archiveVersion = 1;
	classes = {
	};
	objectVersion = 56;
	objects = {

/* Begin PBXBuildFile section */
		E103C7BC2BB098F90019E986 /* MainView.swift in Sources */ = {isa = PBXBuildFile; fileRef = E103C7BB2BB098F90019E986 /* MainView.swift */; };
		E103C7BE2BB098F90019E986 /* Assets.xcassets in Resources */ = {isa = PBXBuildFile; fileRef = E103C7BD2BB098F90019E986 /* Assets.xcassets */; };
		E103C7C12BB098F90019E986 /* Preview Assets.xcassets in Resources */ = {isa = PBXBuildFile; fileRef = E103C7C02BB098F90019E986 /* Preview Assets.xcassets */; };
		E103C7C92BB09BDB0019E986 /* FirebaseAuth in Frameworks */ = {isa = PBXBuildFile; productRef = E103C7C82BB09BDB0019E986 /* FirebaseAuth */; };
		E103C7CB2BB09BDB0019E986 /* FirebaseFirestore in Frameworks */ = {isa = PBXBuildFile; productRef = E103C7CA2BB09BDB0019E986 /* FirebaseFirestore */; };
		E103C7CD2BB09BDB0019E986 /* FirebaseFirestoreSwift in Frameworks */ = {isa = PBXBuildFile; productRef = E103C7CC2BB09BDB0019E986 /* FirebaseFirestoreSwift */; };
		E103C7CF2BB09DE70019E986 /* GoogleService-Info.plist in Resources */ = {isa = PBXBuildFile; fileRef = E103C7CE2BB09DE70019E986 /* GoogleService-Info.plist */; };
		E103C7D12BB09F930019E986 /* ToDoListApp.swift in Sources */ = {isa = PBXBuildFile; fileRef = E103C7D02BB09F930019E986 /* ToDoListApp.swift */; };
		E103C7D82BB0A22B0019E986 /* ProfileView.swift in Sources */ = {isa = PBXBuildFile; fileRef = E103C7D72BB0A22B0019E986 /* ProfileView.swift */; };
		E103C7DA2BB0A2370019E986 /* ToDoListView.swift in Sources */ = {isa = PBXBuildFile; fileRef = E103C7D92BB0A2370019E986 /* ToDoListView.swift */; };
		E103C7DC2BB0A23E0019E986 /* NewItemView.swift in Sources */ = {isa = PBXBuildFile; fileRef = E103C7DB2BB0A23E0019E986 /* NewItemView.swift */; };
		E103C7DE2BB0A24A0019E986 /* LoginView.swift in Sources */ = {isa = PBXBuildFile; fileRef = E103C7DD2BB0A24A0019E986 /* LoginView.swift */; };
		E103C7E02BB0A2510019E986 /* RegisterView.swift in Sources */ = {isa = PBXBuildFile; fileRef = E103C7DF2BB0A2510019E986 /* RegisterView.swift */; };
		E103C7E22BB0A27F0019E986 /* ToDoListItemView.swift in Sources */ = {isa = PBXBuildFile; fileRef = E103C7E12BB0A27F0019E986 /* ToDoListItemView.swift */; };
		E103C7E42BB0A2F10019E986 /* User.swift in Sources */ = {isa = PBXBuildFile; fileRef = E103C7E32BB0A2F10019E986 /* User.swift */; };
		E103C7E62BB0A3000019E986 /* ToDoListItem.swift in Sources */ = {isa = PBXBuildFile; fileRef = E103C7E52BB0A3000019E986 /* ToDoListItem.swift */; };
		E103C7E82BB0A3390019E986 /* MainViewViewModel.swift in Sources */ = {isa = PBXBuildFile; fileRef = E103C7E72BB0A3390019E986 /* MainViewViewModel.swift */; };
		E103C7EA2BB0A3400019E986 /* ProfileVIewViewModel.swift in Sources */ = {isa = PBXBuildFile; fileRef = E103C7E92BB0A3400019E986 /* ProfileVIewViewModel.swift */; };
		E103C7EC2BB0A34A0019E986 /* ToDoListViewViewModel.swift in Sources */ = {isa = PBXBuildFile; fileRef = E103C7EB2BB0A34A0019E986 /* ToDoListViewViewModel.swift */; };
		E103C7EE2BB0A3520019E986 /* NewItemViewViewModel.swift in Sources */ = {isa = PBXBuildFile; fileRef = E103C7ED2BB0A3520019E986 /* NewItemViewViewModel.swift */; };
		E103C7F02BB0A35E0019E986 /* LoginViewViewModel.swift in Sources */ = {isa = PBXBuildFile; fileRef = E103C7EF2BB0A35E0019E986 /* LoginViewViewModel.swift */; };
		E103C7F22BB0A3690019E986 /* RegisterViewViewModel.swift in Sources */ = {isa = PBXBuildFile; fileRef = E103C7F12BB0A3690019E986 /* RegisterViewViewModel.swift */; };
		E103C7F42BB0A3740019E986 /* ToDoListItemViewViewModel.swift in Sources */ = {isa = PBXBuildFile; fileRef = E103C7F32BB0A3740019E986 /* ToDoListItemViewViewModel.swift */; };
/* End PBXBuildFile section */

/* Begin PBXFileReference section */
		E103C7B62BB098F80019E986 /* ios-todolist.app */ = {isa = PBXFileReference; explicitFileType = wrapper.application; includeInIndex = 0; path = "ios-todolist.app"; sourceTree = BUILT_PRODUCTS_DIR; };
		E103C7BB2BB098F90019E986 /* MainView.swift */ = {isa = PBXFileReference; lastKnownFileType = sourcecode.swift; path = MainView.swift; sourceTree = "<group>"; };
		E103C7BD2BB098F90019E986 /* Assets.xcassets */ = {isa = PBXFileReference; lastKnownFileType = folder.assetcatalog; path = Assets.xcassets; sourceTree = "<group>"; };
		E103C7C02BB098F90019E986 /* Preview Assets.xcassets */ = {isa = PBXFileReference; lastKnownFileType = folder.assetcatalog; path = "Preview Assets.xcassets"; sourceTree = "<group>"; };
		E103C7CE2BB09DE70019E986 /* GoogleService-Info.plist */ = {isa = PBXFileReference; fileEncoding = 4; lastKnownFileType = text.plist.xml; path = "GoogleService-Info.plist"; sourceTree = "<group>"; };
		E103C7D02BB09F930019E986 /* ToDoListApp.swift */ = {isa = PBXFileReference; lastKnownFileType = sourcecode.swift; path = ToDoListApp.swift; sourceTree = "<group>"; };
		E103C7D72BB0A22B0019E986 /* ProfileView.swift */ = {isa = PBXFileReference; lastKnownFileType = sourcecode.swift; path = ProfileView.swift; sourceTree = "<group>"; };
		E103C7D92BB0A2370019E986 /* ToDoListView.swift */ = {isa = PBXFileReference; lastKnownFileType = sourcecode.swift; path = ToDoListView.swift; sourceTree = "<group>"; };
		E103C7DB2BB0A23E0019E986 /* NewItemView.swift */ = {isa = PBXFileReference; lastKnownFileType = sourcecode.swift; path = NewItemView.swift; sourceTree = "<group>"; };
		E103C7DD2BB0A24A0019E986 /* LoginView.swift */ = {isa = PBXFileReference; lastKnownFileType = sourcecode.swift; path = LoginView.swift; sourceTree = "<group>"; };
		E103C7DF2BB0A2510019E986 /* RegisterView.swift */ = {isa = PBXFileReference; lastKnownFileType = sourcecode.swift; path = RegisterView.swift; sourceTree = "<group>"; };
		E103C7E12BB0A27F0019E986 /* ToDoListItemView.swift */ = {isa = PBXFileReference; lastKnownFileType = sourcecode.swift; path = ToDoListItemView.swift; sourceTree = "<group>"; };
		E103C7E32BB0A2F10019E986 /* User.swift */ = {isa = PBXFileReference; lastKnownFileType = sourcecode.swift; path = User.swift; sourceTree = "<group>"; };
		E103C7E52BB0A3000019E986 /* ToDoListItem.swift */ = {isa = PBXFileReference; lastKnownFileType = sourcecode.swift; path = ToDoListItem.swift; sourceTree = "<group>"; };
		E103C7E72BB0A3390019E986 /* MainViewViewModel.swift */ = {isa = PBXFileReference; lastKnownFileType = sourcecode.swift; path = MainViewViewModel.swift; sourceTree = "<group>"; };
		E103C7E92BB0A3400019E986 /* ProfileVIewViewModel.swift */ = {isa = PBXFileReference; lastKnownFileType = sourcecode.swift; path = ProfileVIewViewModel.swift; sourceTree = "<group>"; };
		E103C7EB2BB0A34A0019E986 /* ToDoListViewViewModel.swift */ = {isa = PBXFileReference; lastKnownFileType = sourcecode.swift; path = ToDoListViewViewModel.swift; sourceTree = "<group>"; };
		E103C7ED2BB0A3520019E986 /* NewItemViewViewModel.swift */ = {isa = PBXFileReference; lastKnownFileType = sourcecode.swift; path = NewItemViewViewModel.swift; sourceTree = "<group>"; };
		E103C7EF2BB0A35E0019E986 /* LoginViewViewModel.swift */ = {isa = PBXFileReference; lastKnownFileType = sourcecode.swift; path = LoginViewViewModel.swift; sourceTree = "<group>"; };
		E103C7F12BB0A3690019E986 /* RegisterViewViewModel.swift */ = {isa = PBXFileReference; lastKnownFileType = sourcecode.swift; path = RegisterViewViewModel.swift; sourceTree = "<group>"; };
		E103C7F32BB0A3740019E986 /* ToDoListItemViewViewModel.swift */ = {isa = PBXFileReference; lastKnownFileType = sourcecode.swift; path = ToDoListItemViewViewModel.swift; sourceTree = "<group>"; };
/* End PBXFileReference section */

/* Begin PBXFrameworksBuildPhase section */
		E103C7B32BB098F80019E986 /* Frameworks */ = {
			isa = PBXFrameworksBuildPhase;
			buildActionMask = 2147483647;
			files = (
				E103C7C92BB09BDB0019E986 /* FirebaseAuth in Frameworks */,
				E103C7CB2BB09BDB0019E986 /* FirebaseFirestore in Frameworks */,
				E103C7CD2BB09BDB0019E986 /* FirebaseFirestoreSwift in Frameworks */,
			);
			runOnlyForDeploymentPostprocessing = 0;
		};
/* End PBXFrameworksBuildPhase section */

/* Begin PBXGroup section */
		E103C7AD2BB098F80019E986 = {
			isa = PBXGroup;
			children = (
				E103C7B82BB098F80019E986 /* ios-todolist */,
				E103C7B72BB098F80019E986 /* Products */,
			);
			sourceTree = "<group>";
		};
		E103C7B72BB098F80019E986 /* Products */ = {
			isa = PBXGroup;
			children = (
				E103C7B62BB098F80019E986 /* ios-todolist.app */,
			);
			name = Products;
			sourceTree = "<group>";
		};
		E103C7B82BB098F80019E986 /* ios-todolist */ = {
			isa = PBXGroup;
			children = (
				E103C7D62BB0A1170019E986 /* Other */,
				E103C7D52BB0A0F50019E986 /* Models */,
				E103C7D42BB0A0E50019E986 /* ViewModels */,
				E103C7D22BB0A0D80019E986 /* Views */,
				E103C7BF2BB098F90019E986 /* Preview Content */,
			);
			path = "ios-todolist";
			sourceTree = "<group>";
		};
		E103C7BF2BB098F90019E986 /* Preview Content */ = {
			isa = PBXGroup;
			children = (
				E103C7C02BB098F90019E986 /* Preview Assets.xcassets */,
			);
			path = "Preview Content";
			sourceTree = "<group>";
		};
		E103C7D22BB0A0D80019E986 /* Views */ = {
			isa = PBXGroup;
			children = (
				E103C7BB2BB098F90019E986 /* MainView.swift */,
				E103C7D72BB0A22B0019E986 /* ProfileView.swift */,
				E103C7D92BB0A2370019E986 /* ToDoListView.swift */,
				E103C7DB2BB0A23E0019E986 /* NewItemView.swift */,
				E103C7DD2BB0A24A0019E986 /* LoginView.swift */,
				E103C7DF2BB0A2510019E986 /* RegisterView.swift */,
				E103C7E12BB0A27F0019E986 /* ToDoListItemView.swift */,
			);
			path = Views;
			sourceTree = "<group>";
		};
		E103C7D42BB0A0E50019E986 /* ViewModels */ = {
			isa = PBXGroup;
			children = (
				E103C7E72BB0A3390019E986 /* MainViewViewModel.swift */,
				E103C7E92BB0A3400019E986 /* ProfileVIewViewModel.swift */,
				E103C7EB2BB0A34A0019E986 /* ToDoListViewViewModel.swift */,
				E103C7ED2BB0A3520019E986 /* NewItemViewViewModel.swift */,
				E103C7EF2BB0A35E0019E986 /* LoginViewViewModel.swift */,
				E103C7F12BB0A3690019E986 /* RegisterViewViewModel.swift */,
				E103C7F32BB0A3740019E986 /* ToDoListItemViewViewModel.swift */,
			);
			path = ViewModels;
			sourceTree = "<group>";
		};
		E103C7D52BB0A0F50019E986 /* Models */ = {
			isa = PBXGroup;
			children = (
				E103C7E32BB0A2F10019E986 /* User.swift */,
				E103C7E52BB0A3000019E986 /* ToDoListItem.swift */,
			);
			path = Models;
			sourceTree = "<group>";
		};
		E103C7D62BB0A1170019E986 /* Other */ = {
			isa = PBXGroup;
			children = (
				E103C7BD2BB098F90019E986 /* Assets.xcassets */,
				E103C7D02BB09F930019E986 /* ToDoListApp.swift */,
				E103C7CE2BB09DE70019E986 /* GoogleService-Info.plist */,
			);
			path = Other;
			sourceTree = "<group>";
		};
/* End PBXGroup section */

/* Begin PBXNativeTarget section */
		E103C7B52BB098F80019E986 /* ios-todolist */ = {
			isa = PBXNativeTarget;
			buildConfigurationList = E103C7C42BB098F90019E986 /* Build configuration list for PBXNativeTarget "ios-todolist" */;
			buildPhases = (
				E103C7B22BB098F80019E986 /* Sources */,
				E103C7B32BB098F80019E986 /* Frameworks */,
				E103C7B42BB098F80019E986 /* Resources */,
			);
			buildRules = (
			);
			dependencies = (
			);
			name = "ios-todolist";
			packageProductDependencies = (
				E103C7C82BB09BDB0019E986 /* FirebaseAuth */,
				E103C7CA2BB09BDB0019E986 /* FirebaseFirestore */,
				E103C7CC2BB09BDB0019E986 /* FirebaseFirestoreSwift */,
			);
			productName = "ios-todolist";
			productReference = E103C7B62BB098F80019E986 /* ios-todolist.app */;
			productType = "com.apple.product-type.application";
		};
/* End PBXNativeTarget section */

/* Begin PBXProject section */
		E103C7AE2BB098F80019E986 /* Project object */ = {
			isa = PBXProject;
			attributes = {
				BuildIndependentTargetsInParallel = 1;
				LastSwiftUpdateCheck = 1530;
				LastUpgradeCheck = 1530;
				TargetAttributes = {
					E103C7B52BB098F80019E986 = {
						CreatedOnToolsVersion = 15.3;
					};
				};
			};
			buildConfigurationList = E103C7B12BB098F80019E986 /* Build configuration list for PBXProject "ios-todolist" */;
			compatibilityVersion = "Xcode 14.0";
			developmentRegion = en;
			hasScannedForEncodings = 0;
			knownRegions = (
				en,
				Base,
			);
			mainGroup = E103C7AD2BB098F80019E986;
			packageReferences = (
				E103C7C72BB09BDB0019E986 /* XCRemoteSwiftPackageReference "firebase-ios-sdk" */,
			);
			productRefGroup = E103C7B72BB098F80019E986 /* Products */;
			projectDirPath = "";
			projectRoot = "";
			targets = (
				E103C7B52BB098F80019E986 /* ios-todolist */,
			);
		};
/* End PBXProject section */

/* Begin PBXResourcesBuildPhase section */
		E103C7B42BB098F80019E986 /* Resources */ = {
			isa = PBXResourcesBuildPhase;
			buildActionMask = 2147483647;
			files = (
				E103C7C12BB098F90019E986 /* Preview Assets.xcassets in Resources */,
				E103C7BE2BB098F90019E986 /* Assets.xcassets in Resources */,
				E103C7CF2BB09DE70019E986 /* GoogleService-Info.plist in Resources */,
			);
			runOnlyForDeploymentPostprocessing = 0;
		};
/* End PBXResourcesBuildPhase section */

/* Begin PBXSourcesBuildPhase section */
		E103C7B22BB098F80019E986 /* Sources */ = {
			isa = PBXSourcesBuildPhase;
			buildActionMask = 2147483647;
			files = (
				E103C7DE2BB0A24A0019E986 /* LoginView.swift in Sources */,
				E103C7EA2BB0A3400019E986 /* ProfileVIewViewModel.swift in Sources */,
				E103C7F22BB0A3690019E986 /* RegisterViewViewModel.swift in Sources */,
				E103C7D12BB09F930019E986 /* ToDoListApp.swift in Sources */,
				E103C7E82BB0A3390019E986 /* MainViewViewModel.swift in Sources */,
				E103C7DA2BB0A2370019E986 /* ToDoListView.swift in Sources */,
				E103C7E02BB0A2510019E986 /* RegisterView.swift in Sources */,
				E103C7D82BB0A22B0019E986 /* ProfileView.swift in Sources */,
				E103C7E42BB0A2F10019E986 /* User.swift in Sources */,
				E103C7E22BB0A27F0019E986 /* ToDoListItemView.swift in Sources */,
				E103C7EC2BB0A34A0019E986 /* ToDoListViewViewModel.swift in Sources */,
				E103C7F02BB0A35E0019E986 /* LoginViewViewModel.swift in Sources */,
				E103C7BC2BB098F90019E986 /* MainView.swift in Sources */,
				E103C7E62BB0A3000019E986 /* ToDoListItem.swift in Sources */,
				E103C7DC2BB0A23E0019E986 /* NewItemView.swift in Sources */,
				E103C7EE2BB0A3520019E986 /* NewItemViewViewModel.swift in Sources */,
				E103C7F42BB0A3740019E986 /* ToDoListItemViewViewModel.swift in Sources */,
			);
			runOnlyForDeploymentPostprocessing = 0;
		};
/* End PBXSourcesBuildPhase section */

/* Begin XCBuildConfiguration section */
		E103C7C22BB098F90019E986 /* Debug */ = {
			isa = XCBuildConfiguration;
			buildSettings = {
				ALWAYS_SEARCH_USER_PATHS = NO;
				ASSETCATALOG_COMPILER_GENERATE_SWIFT_ASSET_SYMBOL_EXTENSIONS = YES;
				CLANG_ANALYZER_NONNULL = YES;
				CLANG_ANALYZER_NUMBER_OBJECT_CONVERSION = YES_AGGRESSIVE;
				CLANG_CXX_LANGUAGE_STANDARD = "gnu++20";
				CLANG_ENABLE_MODULES = YES;
				CLANG_ENABLE_OBJC_ARC = YES;
				CLANG_ENABLE_OBJC_WEAK = YES;
				CLANG_WARN_BLOCK_CAPTURE_AUTORELEASING = YES;
				CLANG_WARN_BOOL_CONVERSION = YES;
				CLANG_WARN_COMMA = YES;
				CLANG_WARN_CONSTANT_CONVERSION = YES;
				CLANG_WARN_DEPRECATED_OBJC_IMPLEMENTATIONS = YES;
				CLANG_WARN_DIRECT_OBJC_ISA_USAGE = YES_ERROR;
				CLANG_WARN_DOCUMENTATION_COMMENTS = YES;
				CLANG_WARN_EMPTY_BODY = YES;
				CLANG_WARN_ENUM_CONVERSION = YES;
				CLANG_WARN_INFINITE_RECURSION = YES;
				CLANG_WARN_INT_CONVERSION = YES;
				CLANG_WARN_NON_LITERAL_NULL_CONVERSION = YES;
				CLANG_WARN_OBJC_IMPLICIT_RETAIN_SELF = YES;
				CLANG_WARN_OBJC_LITERAL_CONVERSION = YES;
				CLANG_WARN_OBJC_ROOT_CLASS = YES_ERROR;
				CLANG_WARN_QUOTED_INCLUDE_IN_FRAMEWORK_HEADER = YES;
				CLANG_WARN_RANGE_LOOP_ANALYSIS = YES;
				CLANG_WARN_STRICT_PROTOTYPES = YES;
				CLANG_WARN_SUSPICIOUS_MOVE = YES;
				CLANG_WARN_UNGUARDED_AVAILABILITY = YES_AGGRESSIVE;
				CLANG_WARN_UNREACHABLE_CODE = YES;
				CLANG_WARN__DUPLICATE_METHOD_MATCH = YES;
				COPY_PHASE_STRIP = NO;
				DEBUG_INFORMATION_FORMAT = dwarf;
				ENABLE_STRICT_OBJC_MSGSEND = YES;
				ENABLE_TESTABILITY = YES;
				ENABLE_USER_SCRIPT_SANDBOXING = YES;
				GCC_C_LANGUAGE_STANDARD = gnu17;
				GCC_DYNAMIC_NO_PIC = NO;
				GCC_NO_COMMON_BLOCKS = YES;
				GCC_OPTIMIZATION_LEVEL = 0;
				GCC_PREPROCESSOR_DEFINITIONS = (
					"DEBUG=1",
					"$(inherited)",
				);
				GCC_WARN_64_TO_32_BIT_CONVERSION = YES;
				GCC_WARN_ABOUT_RETURN_TYPE = YES_ERROR;
				GCC_WARN_UNDECLARED_SELECTOR = YES;
				GCC_WARN_UNINITIALIZED_AUTOS = YES_AGGRESSIVE;
				GCC_WARN_UNUSED_FUNCTION = YES;
				GCC_WARN_UNUSED_VARIABLE = YES;
				IPHONEOS_DEPLOYMENT_TARGET = 17.4;
				LOCALIZATION_PREFERS_STRING_CATALOGS = YES;
				MTL_ENABLE_DEBUG_INFO = INCLUDE_SOURCE;
				MTL_FAST_MATH = YES;
				ONLY_ACTIVE_ARCH = YES;
				SDKROOT = iphoneos;
				SWIFT_ACTIVE_COMPILATION_CONDITIONS = "DEBUG $(inherited)";
				SWIFT_OPTIMIZATION_LEVEL = "-Onone";
			};
			name = Debug;
		};
		E103C7C32BB098F90019E986 /* Release */ = {
			isa = XCBuildConfiguration;
			buildSettings = {
				ALWAYS_SEARCH_USER_PATHS = NO;
				ASSETCATALOG_COMPILER_GENERATE_SWIFT_ASSET_SYMBOL_EXTENSIONS = YES;
				CLANG_ANALYZER_NONNULL = YES;
				CLANG_ANALYZER_NUMBER_OBJECT_CONVERSION = YES_AGGRESSIVE;
				CLANG_CXX_LANGUAGE_STANDARD = "gnu++20";
				CLANG_ENABLE_MODULES = YES;
				CLANG_ENABLE_OBJC_ARC = YES;
				CLANG_ENABLE_OBJC_WEAK = YES;
				CLANG_WARN_BLOCK_CAPTURE_AUTORELEASING = YES;
				CLANG_WARN_BOOL_CONVERSION = YES;
				CLANG_WARN_COMMA = YES;
				CLANG_WARN_CONSTANT_CONVERSION = YES;
				CLANG_WARN_DEPRECATED_OBJC_IMPLEMENTATIONS = YES;
				CLANG_WARN_DIRECT_OBJC_ISA_USAGE = YES_ERROR;
				CLANG_WARN_DOCUMENTATION_COMMENTS = YES;
				CLANG_WARN_EMPTY_BODY = YES;
				CLANG_WARN_ENUM_CONVERSION = YES;
				CLANG_WARN_INFINITE_RECURSION = YES;
				CLANG_WARN_INT_CONVERSION = YES;
				CLANG_WARN_NON_LITERAL_NULL_CONVERSION = YES;
				CLANG_WARN_OBJC_IMPLICIT_RETAIN_SELF = YES;
				CLANG_WARN_OBJC_LITERAL_CONVERSION = YES;
				CLANG_WARN_OBJC_ROOT_CLASS = YES_ERROR;
				CLANG_WARN_QUOTED_INCLUDE_IN_FRAMEWORK_HEADER = YES;
				CLANG_WARN_RANGE_LOOP_ANALYSIS = YES;
				CLANG_WARN_STRICT_PROTOTYPES = YES;
				CLANG_WARN_SUSPICIOUS_MOVE = YES;
				CLANG_WARN_UNGUARDED_AVAILABILITY = YES_AGGRESSIVE;
				CLANG_WARN_UNREACHABLE_CODE = YES;
				CLANG_WARN__DUPLICATE_METHOD_MATCH = YES;
				COPY_PHASE_STRIP = NO;
				DEBUG_INFORMATION_FORMAT = "dwarf-with-dsym";
				ENABLE_NS_ASSERTIONS = NO;
				ENABLE_STRICT_OBJC_MSGSEND = YES;
				ENABLE_USER_SCRIPT_SANDBOXING = YES;
				GCC_C_LANGUAGE_STANDARD = gnu17;
				GCC_NO_COMMON_BLOCKS = YES;
				GCC_WARN_64_TO_32_BIT_CONVERSION = YES;
				GCC_WARN_ABOUT_RETURN_TYPE = YES_ERROR;
				GCC_WARN_UNDECLARED_SELECTOR = YES;
				GCC_WARN_UNINITIALIZED_AUTOS = YES_AGGRESSIVE;
				GCC_WARN_UNUSED_FUNCTION = YES;
				GCC_WARN_UNUSED_VARIABLE = YES;
				IPHONEOS_DEPLOYMENT_TARGET = 17.4;
				LOCALIZATION_PREFERS_STRING_CATALOGS = YES;
				MTL_ENABLE_DEBUG_INFO = NO;
				MTL_FAST_MATH = YES;
				SDKROOT = iphoneos;
				SWIFT_COMPILATION_MODE = wholemodule;
				VALIDATE_PRODUCT = YES;
			};
			name = Release;
		};
		E103C7C52BB098F90019E986 /* Debug */ = {
			isa = XCBuildConfiguration;
			buildSettings = {
				ASSETCATALOG_COMPILER_APPICON_NAME = AppIcon;
				ASSETCATALOG_COMPILER_GLOBAL_ACCENT_COLOR_NAME = AccentColor;
				CODE_SIGN_STYLE = Automatic;
				CURRENT_PROJECT_VERSION = 1;
				DEVELOPMENT_ASSET_PATHS = "\"ios-todolist/Preview Content\"";
				ENABLE_PREVIEWS = YES;
				GENERATE_INFOPLIST_FILE = YES;
				INFOPLIST_KEY_LSApplicationCategoryType = "public.app-category.productivity";
				INFOPLIST_KEY_UIApplicationSceneManifest_Generation = YES;
				INFOPLIST_KEY_UIApplicationSupportsIndirectInputEvents = YES;
				INFOPLIST_KEY_UILaunchScreen_Generation = YES;
				INFOPLIST_KEY_UISupportedInterfaceOrientations = UIInterfaceOrientationPortrait;
				LD_RUNPATH_SEARCH_PATHS = (
					"$(inherited)",
					"@executable_path/Frameworks",
				);
				MARKETING_VERSION = 1.0;
				PRODUCT_BUNDLE_IDENTIFIER = "freddykhant.ios-todolist";
				PRODUCT_NAME = "$(TARGET_NAME)";
				SWIFT_EMIT_LOC_STRINGS = YES;
				SWIFT_VERSION = 5.0;
				TARGETED_DEVICE_FAMILY = "1,2";
			};
			name = Debug;
		};
		E103C7C62BB098F90019E986 /* Release */ = {
			isa = XCBuildConfiguration;
			buildSettings = {
				ASSETCATALOG_COMPILER_APPICON_NAME = AppIcon;
				ASSETCATALOG_COMPILER_GLOBAL_ACCENT_COLOR_NAME = AccentColor;
				CODE_SIGN_STYLE = Automatic;
				CURRENT_PROJECT_VERSION = 1;
				DEVELOPMENT_ASSET_PATHS = "\"ios-todolist/Preview Content\"";
				ENABLE_PREVIEWS = YES;
				GENERATE_INFOPLIST_FILE = YES;
				INFOPLIST_KEY_LSApplicationCategoryType = "public.app-category.productivity";
				INFOPLIST_KEY_UIApplicationSceneManifest_Generation = YES;
				INFOPLIST_KEY_UIApplicationSupportsIndirectInputEvents = YES;
				INFOPLIST_KEY_UILaunchScreen_Generation = YES;
				INFOPLIST_KEY_UISupportedInterfaceOrientations = UIInterfaceOrientationPortrait;
				LD_RUNPATH_SEARCH_PATHS = (
					"$(inherited)",
					"@executable_path/Frameworks",
				);
				MARKETING_VERSION = 1.0;
				PRODUCT_BUNDLE_IDENTIFIER = "freddykhant.ios-todolist";
				PRODUCT_NAME = "$(TARGET_NAME)";
				SWIFT_EMIT_LOC_STRINGS = YES;
				SWIFT_VERSION = 5.0;
				TARGETED_DEVICE_FAMILY = "1,2";
			};
			name = Release;
		};
/* End XCBuildConfiguration section */

/* Begin XCConfigurationList section */
		E103C7B12BB098F80019E986 /* Build configuration list for PBXProject "ios-todolist" */ = {
			isa = XCConfigurationList;
			buildConfigurations = (
				E103C7C22BB098F90019E986 /* Debug */,
				E103C7C32BB098F90019E986 /* Release */,
			);
			defaultConfigurationIsVisible = 0;
			defaultConfigurationName = Release;
		};
		E103C7C42BB098F90019E986 /* Build configuration list for PBXNativeTarget "ios-todolist" */ = {
			isa = XCConfigurationList;
			buildConfigurations = (
				E103C7C52BB098F90019E986 /* Debug */,
				E103C7C62BB098F90019E986 /* Release */,
			);
			defaultConfigurationIsVisible = 0;
			defaultConfigurationName = Release;
		};
/* End XCConfigurationList section */

/* Begin XCRemoteSwiftPackageReference section */
		E103C7C72BB09BDB0019E986 /* XCRemoteSwiftPackageReference "firebase-ios-sdk" */ = {
			isa = XCRemoteSwiftPackageReference;
			repositoryURL = "https://github.com/firebase/firebase-ios-sdk";
			requirement = {
				kind = upToNextMajorVersion;
				minimumVersion = 10.23.0;
			};
		};
/* End XCRemoteSwiftPackageReference section */

/* Begin XCSwiftPackageProductDependency section */
		E103C7C82BB09BDB0019E986 /* FirebaseAuth */ = {
			isa = XCSwiftPackageProductDependency;
			package = E103C7C72BB09BDB0019E986 /* XCRemoteSwiftPackageReference "firebase-ios-sdk" */;
			productName = FirebaseAuth;
		};
		E103C7CA2BB09BDB0019E986 /* FirebaseFirestore */ = {
			isa = XCSwiftPackageProductDependency;
			package = E103C7C72BB09BDB0019E986 /* XCRemoteSwiftPackageReference "firebase-ios-sdk" */;
			productName = FirebaseFirestore;
		};
		E103C7CC2BB09BDB0019E986 /* FirebaseFirestoreSwift */ = {
			isa = XCSwiftPackageProductDependency;
			package = E103C7C72BB09BDB0019E986 /* XCRemoteSwiftPackageReference "firebase-ios-sdk" */;
			productName = FirebaseFirestoreSwift;
		};
/* End XCSwiftPackageProductDependency section */
	};
	rootObject = E103C7AE2BB098F80019E986 /* Project object */;
}
